{
  "name": "atualizador-de-processos-importados-siga-para-sei",
  "version": "1.0.0",
  "lockfileVersion": 3,
  "requires": true,
  "packages": {
    "": {
      "name": "atualizador-de-processos-importados-siga-para-sei",
      "version": "1.0.0",
      "license": "ISC",
      "dependencies": {
        "csv-parser": "^3.1.0",
        "dotenv": "^16.4.7"
      }
    },
    "node_modules/csv-parser": {
      "version": "3.1.0",
      "resolved": "https://registry.npmjs.org/csv-parser/-/csv-parser-3.1.0.tgz",
      "integrity": "sha512-egOwFF+imkpAE0gTrbzdf7c322lonHAmLPT2Ou1b5lhTSeXyfEdaMBdWuVeUJ6fsYuR0/ENonFo16kEXWKOQFw==",
      "license": "MIT",
      "bin": {
        "csv-parser": "bin/csv-parser"
      },
      "engines": {
        "node": ">= 10"
      }
    },
    "node_modules/dotenv": {
      "version": "16.4.7",
      "resolved": "https://registry.npmjs.org/dotenv/-/dotenv-16.4.7.tgz",
      "integrity": "sha512-47qPchRCykZC03FhkYAhrvwU4xDBFIj1QPqaarj6mdM/hgUzfPHcpkHJOn3mJAufFeeAxAzeGsr5X0M4k6fLZQ==",
      "license": "BSD-2-Clause",
      "engines": {
        "node": ">=12"
      },
      "funding": {
        "url": "https://dotenvx.com"
      }
    }
  }
}
